# This file is automatically @generated by Cargo.
# It is not intended for manual editing.
version = 4

[[package]]
name = "aarch64-cpu"
version = "9.4.0"
source = "registry+https://github.com/rust-lang/crates.io-index"
checksum = "ac42a04a61c19fc8196dd728022a784baecc5d63d7e256c01ad1b3fbfab26287"
dependencies = [
 "tock-registers 0.8.1",
]

[[package]]
name = "aarch64-cpu"
version = "10.0.0"
source = "registry+https://github.com/rust-lang/crates.io-index"
checksum = "6a21cd0131c25c438e19cd6a774adf7e3f64f7f4d723022882facc2dee0f8bc9"
dependencies = [
 "tock-registers 0.9.0",
]

[[package]]
name = "aarch64-cpu-ext"
version = "0.1.4"
source = "registry+https://github.com/rust-lang/crates.io-index"
checksum = "52dad5cf7342926ce1c375ec680834e56dd3cdbe8b7adf8a6f99b2854cc52c17"
dependencies = [
 "aarch64-cpu 10.0.0",
 "tock-registers 0.10.0",
]

[[package]]
name = "allocator"
version = "0.1.0"
source = "git+https://github.com/arceos-org/allocator.git?tag=v0.1.0#16496d88dd6fc6a0bdfa59aedfb6b349bd88ee88"
dependencies = [
 "bitmap-allocator",
 "rlsf",
]

[[package]]
name = "arceos-shell"
version = "0.1.0"
dependencies = [
 "axfs_ramfs",
 "axfs_vfs",
 "axhal",
 "axstd",
 "crate_interface",
]

[[package]]
name = "arceos_api"
version = "0.1.0"
dependencies = [
 "axalloc",
 "axconfig",
 "axdriver",
 "axerrno",
 "axfeat",
 "axfs",
 "axhal",
 "axio",
 "axlog",
 "axruntime",
 "axsync",
]

[[package]]
name = "arm_gicv2"
version = "0.1.0"
source = "registry+https://github.com/rust-lang/crates.io-index"
checksum = "47d25e73c949c69f75d1b9dba39c5475523403b31eb8c2fdc99da4dc33bc1aca"
dependencies = [
 "tock-registers 0.8.1",
]

[[package]]
name = "arm_pl011"
version = "0.1.0"
source = "registry+https://github.com/rust-lang/crates.io-index"
checksum = "efcf6afca4502993a737ba1e00952d1321078689da92bf7aab27d4e5756c0bec"
dependencies = [
 "tock-registers 0.8.1",
]

[[package]]
name = "autocfg"
version = "1.5.0"
source = "registry+https://github.com/rust-lang/crates.io-index"
checksum = "c08606f8c3cbf4ce6ec8e28fb0014a2c086708fe954eaa885384a6165172e7e8"

[[package]]
name = "axalloc"
version = "0.1.0"
dependencies = [
 "allocator",
 "axerrno",
 "cfg-if",
 "kspin",
 "log",
 "memory_addr",
]

[[package]]
name = "axconfig"
version = "0.1.0"
dependencies = [
 "serde",
 "toml_edit",
]

[[package]]
name = "axdriver"
version = "0.1.0"
dependencies = [
 "axalloc",
 "axconfig",
 "axdriver_base",
 "axdriver_block",
 "axdriver_pci",
 "axdriver_virtio",
 "axhal",
 "cfg-if",
 "log",
]

[[package]]
name = "axdriver_base"
version = "0.1.0"
source = "git+https://github.com/arceos-org/axdriver_crates.git?tag=v0.1.0#78686a7e70c9203ba29e425929c393fbb7eca208"

[[package]]
name = "axdriver_block"
version = "0.1.0"
source = "git+https://github.com/arceos-org/axdriver_crates.git?tag=v0.1.0#78686a7e70c9203ba29e425929c393fbb7eca208"
dependencies = [
 "axdriver_base",
 "log",
]

[[package]]
name = "axdriver_pci"
version = "0.1.0"
source = "git+https://github.com/arceos-org/axdriver_crates.git?tag=v0.1.0#78686a7e70c9203ba29e425929c393fbb7eca208"
dependencies = [
 "virtio-drivers",
]

[[package]]
name = "axdriver_virtio"
version = "0.1.0"
source = "git+https://github.com/arceos-org/axdriver_crates.git?tag=v0.1.0#78686a7e70c9203ba29e425929c393fbb7eca208"
dependencies = [
 "axdriver_base",
 "axdriver_block",
 "virtio-drivers",
]

[[package]]
name = "axerrno"
version = "0.1.0"
source = "registry+https://github.com/rust-lang/crates.io-index"
checksum = "66ccd41dd4ef364e2385901a5c2a3adea974a41eccb2529c1f24e4c8bc93d834"
dependencies = [
 "log",
]

[[package]]
name = "axfeat"
version = "0.1.0"
dependencies = [
 "axalloc",
 "axdriver",
 "axfs",
 "axhal",
 "axlog",
 "axruntime",
]

[[package]]
name = "axfs"
version = "0.1.0"
dependencies = [
 "axdriver",
 "axdriver_block",
 "axerrno",
 "axfs_devfs",
 "axfs_ramfs",
 "axfs_vfs",
 "axio",
 "axsync",
 "cap_access",
 "cfg-if",
 "crate_interface",
 "fatfs",
 "lazyinit",
 "log",
]

[[package]]
name = "axfs_devfs"
version = "0.1.2"
source = "registry+https://github.com/rust-lang/crates.io-index"
checksum = "81b87ae981272ca8d5d8f106a4452c63f4b5ac36e17ee8f848ee1b250538b9f8"
dependencies = [
 "axfs_vfs",
 "log",
 "spin",
]

[[package]]
name = "axfs_ramfs"
version = "0.1.2"
source = "registry+https://github.com/rust-lang/crates.io-index"
checksum = "9f50c26614485d837a3fc09a92f24a226caddc25a30df7e6aaf4bd19b304c399"
dependencies = [
 "axfs_vfs",
 "log",
 "spin",
]

[[package]]
name = "axfs_vfs"
version = "0.1.2"
source = "registry+https://github.com/rust-lang/crates.io-index"
checksum = "dcba2006898d7879d456a9c34b9c9460cb536f5bf69d1d5d7d0e0f19f073368d"
dependencies = [
 "axerrno",
 "bitflags 2.9.1",
 "log",
]

[[package]]
name = "axhal"
version = "0.1.0"
dependencies = [
 "aarch64-cpu 9.4.0",
 "arm_gicv2",
 "arm_pl011",
 "axalloc",
 "axconfig",
 "axlog",
 "bitflags 2.9.1",
 "cfg-if",
 "crate_interface",
 "dma-api",
 "dw_apb_uart",
 "futures",
 "handler_table",
 "int_ratio",
 "kernel_guard",
 "kspin",
 "lazyinit",
 "linkme",
 "log",
 "mbarrier",
 "memory_addr",
 "page_table_entry",
 "page_table_multiarch",
 "percpu",
 "raw-cpuid 11.5.0",
 "riscv",
 "safe-mmio",
 "sbi-rt",
 "static_assertions",
 "thiserror",
 "tock-registers 0.10.0",
 "tock-registers 0.8.1",
 "trait-ffi",
 "x2apic",
 "x86",
 "x86_64 0.15.2",
 "zerocopy 0.8.26",
]

[[package]]
name = "axio"
version = "0.1.0"
source = "registry+https://github.com/rust-lang/crates.io-index"
checksum = "d8ca9c10ea4cd42bda87a2abde281fb481c76a0b05976fd03697385ea65d5122"
dependencies = [
 "axerrno",
]

[[package]]
name = "axlog"
version = "0.1.0"
dependencies = [
 "cfg-if",
 "crate_interface",
 "kspin",
 "log",
]

[[package]]
name = "axmm"
version = "0.1.0"
dependencies = [
 "axconfig",
 "axerrno",
 "axhal",
 "kspin",
 "lazyinit",
 "log",
 "memory_addr",
]

[[package]]
name = "axruntime"
version = "0.1.0"
dependencies = [
 "axalloc",
 "axconfig",
 "axdriver",
 "axfs",
 "axhal",
 "axlog",
 "axmm",
 "chrono",
 "crate_interface",
]

[[package]]
name = "axstd"
version = "0.1.0"
dependencies = [
 "arceos_api",
 "axerrno",
 "axfeat",
 "axio",
 "kspin",
]

[[package]]
name = "axsync"
version = "0.1.0"
dependencies = [
 "axtask",
 "kspin",
]

[[package]]
name = "axtask"
version = "0.1.0"
dependencies = [
 "axhal",
 "cfg-if",
 "log",
]

[[package]]
name = "base64"
version = "0.13.1"
source = "registry+https://github.com/rust-lang/crates.io-index"
checksum = "9e1b586273c5702936fe7b7d6896644d8be71e6314cfe09d3167c95f712589e8"

[[package]]
name = "bit"
version = "0.1.1"
source = "registry+https://github.com/rust-lang/crates.io-index"
checksum = "2b645c5c09a7d4035949cfce1a915785aaad6f17800c35fda8a8c311c491f284"

[[package]]
name = "bit_field"
version = "0.10.2"
source = "registry+https://github.com/rust-lang/crates.io-index"
checksum = "dc827186963e592360843fb5ba4b973e145841266c1357f7180c43526f2e5b61"

[[package]]
name = "bitflags"
version = "1.3.2"
source = "registry+https://github.com/rust-lang/crates.io-index"
checksum = "bef38d45163c2f1dde094a7dfd33ccf595c92905c8f8f4fdc18d06fb1037718a"

[[package]]
name = "bitflags"
version = "2.9.1"
source = "registry+https://github.com/rust-lang/crates.io-index"
checksum = "1b8e56985ec62d17e9c1001dc89c88ecd7dc08e47eba5ec7c29c7b5eeecde967"

[[package]]
name = "bitmap-allocator"
version = "0.1.0"
source = "registry+https://github.com/rust-lang/crates.io-index"
checksum = "e7d02f31396fef542812875187cf51d84977184dd9e5907573a81b8972f3f6ec"
dependencies = [
 "bit_field",
]

[[package]]
name = "byteorder"
version = "1.5.0"
source = "registry+https://github.com/rust-lang/crates.io-index"
checksum = "1fd0f2584146f6f2ef48085050886acf353beff7305ebd1ae69500e27c67f64b"

[[package]]
name = "cap_access"
version = "0.1.0"
source = "registry+https://github.com/rust-lang/crates.io-index"
checksum = "c9b24894fa5f73bbf9c72196e7f495a1f81d6218a548280a09ada4a937157692"
dependencies = [
 "bitflags 2.9.1",
]

[[package]]
name = "cfg-if"
version = "1.0.1"
source = "registry+https://github.com/rust-lang/crates.io-index"
checksum = "9555578bc9e57714c812a1f84e4fc5b4d21fcb063490c624de019f7464c91268"

[[package]]
name = "chrono"
version = "0.4.41"
source = "registry+https://github.com/rust-lang/crates.io-index"
checksum = "c469d952047f47f91b68d1cba3f10d63c11d73e4636f24f08daf0278abf01c4d"
dependencies = [
 "num-traits",
]

[[package]]
name = "const-default"
version = "1.0.0"
source = "registry+https://github.com/rust-lang/crates.io-index"
checksum = "0b396d1f76d455557e1218ec8066ae14bba60b4b36ecd55577ba979f5db7ecaa"

[[package]]
name = "crate_interface"
version = "0.1.4"
source = "registry+https://github.com/rust-lang/crates.io-index"
checksum = "70272a03a2cef15589bac05d3d15c023752f5f8f2da8be977d983a9d9e6250fb"
dependencies = [
 "proc-macro2",
 "quote",
 "syn 2.0.104",
]

[[package]]
name = "critical-section"
version = "1.2.0"
source = "registry+https://github.com/rust-lang/crates.io-index"
checksum = "790eea4361631c5e7d22598ecd5723ff611904e3344ce8720784c93e3d83d40b"

[[package]]
name = "dma-api"
version = "0.4.3"
source = "registry+https://github.com/rust-lang/crates.io-index"
checksum = "23de1cdce0a86623c01c09a58fc85710c48eb90a897925191508e960097b4d51"
dependencies = [
 "aarch64-cpu-ext",
]

[[package]]
name = "dw_apb_uart"
version = "0.1.0"
source = "registry+https://github.com/rust-lang/crates.io-index"
checksum = "f93d496c8faa9dc676ebfa225432e1e3b57645c9268ead889286546f6d39356d"
dependencies = [
 "tock-registers 0.8.1",
]

[[package]]
name = "embedded-hal"
version = "1.0.0"
source = "registry+https://github.com/rust-lang/crates.io-index"
checksum = "361a90feb7004eca4019fb28352a9465666b24f840f5c3cddf0ff13920590b89"

[[package]]
name = "equivalent"
version = "1.0.2"
source = "registry+https://github.com/rust-lang/crates.io-index"
checksum = "877a4ace8713b0bcf2a4e7eec82529c029f1d0619886d18145fea96c3ffe5c0f"

[[package]]
name = "fatfs"
version = "0.4.0"
source = "git+https://github.com/rafalh/rust-fatfs?rev=85f06e0#85f06e08edbd3368e1b0562f2fc1b6d178bf7b8a"
dependencies = [
 "bitflags 2.9.1",
 "log",
]

[[package]]
name = "futures"
version = "0.3.31"
source = "registry+https://github.com/rust-lang/crates.io-index"
checksum = "65bc07b1a8bc7c85c5f2e110c476c7389b4554ba72af57d8445ea63a576b0876"
dependencies = [
 "futures-channel",
 "futures-core",
 "futures-io",
 "futures-sink",
 "futures-task",
 "futures-util",
]

[[package]]
name = "futures-channel"
version = "0.3.31"
source = "registry+https://github.com/rust-lang/crates.io-index"
checksum = "2dff15bf788c671c1934e366d07e30c1814a8ef514e1af724a602e8a2fbe1b10"
dependencies = [
 "futures-core",
 "futures-sink",
]

[[package]]
name = "futures-core"
version = "0.3.31"
source = "registry+https://github.com/rust-lang/crates.io-index"
checksum = "05f29059c0c2090612e8d742178b0580d2dc940c837851ad723096f87af6663e"

[[package]]
name = "futures-io"
version = "0.3.31"
source = "registry+https://github.com/rust-lang/crates.io-index"
checksum = "9e5c1b78ca4aae1ac06c48a526a655760685149f0d465d21f37abfe57ce075c6"

[[package]]
name = "futures-sink"
version = "0.3.31"
source = "registry+https://github.com/rust-lang/crates.io-index"
checksum = "e575fab7d1e0dcb8d0c7bcf9a63ee213816ab51902e6d244a95819acacf1d4f7"

[[package]]
name = "futures-task"
version = "0.3.31"
source = "registry+https://github.com/rust-lang/crates.io-index"
checksum = "f90f7dce0722e95104fcb095585910c0977252f286e354b5e3bd38902cd99988"

[[package]]
name = "futures-util"
version = "0.3.31"
source = "registry+https://github.com/rust-lang/crates.io-index"
checksum = "9fa08315bb612088cc391249efdc3bc77536f16c91f6cf495e6fbe85b20a4a81"
dependencies = [
 "futures-core",
 "futures-sink",
 "futures-task",
 "pin-project-lite",
 "pin-utils",
]

[[package]]
name = "handler_table"
version = "0.1.2"
source = "registry+https://github.com/rust-lang/crates.io-index"
checksum = "702cb690200d6303c1e1992bc648f3f3bf9c1d6a27fcf50551c513d61f339c99"

[[package]]
name = "hashbrown"
version = "0.15.5"
source = "registry+https://github.com/rust-lang/crates.io-index"
checksum = "9229cfe53dfd69f0609a49f65461bd93001ea1ef889cd5529dd176593f5338a1"

[[package]]
name = "indexmap"
version = "2.10.0"
source = "registry+https://github.com/rust-lang/crates.io-index"
checksum = "fe4cd85333e22411419a0bcae1297d25e58c9443848b11dc6a86fefe8c78a661"
dependencies = [
 "equivalent",
 "hashbrown",
]

[[package]]
name = "int_ratio"
version = "0.1.2"
source = "registry+https://github.com/rust-lang/crates.io-index"
checksum = "6045ea39e8d2862506c0dff6c65d068da362335df698bb1634033492740d2170"

[[package]]
name = "kernel_guard"
version = "0.1.2"
source = "registry+https://github.com/rust-lang/crates.io-index"
checksum = "307e6be468f3d6b6d895e191f63c11602e4e76575ecca68325d8c8dbebe2870e"
dependencies = [
 "cfg-if",
 "crate_interface",
]

[[package]]
name = "kspin"
version = "0.1.1"
source = "registry+https://github.com/rust-lang/crates.io-index"
checksum = "3d841fd3aeaa9a55871068f5c3ce48497a6dbcf14e20ca7784a9f68bfdb4c825"
dependencies = [
 "cfg-if",
 "kernel_guard",
]

[[package]]
name = "lazyinit"
version = "0.2.2"
source = "registry+https://github.com/rust-lang/crates.io-index"
checksum = "17f03abfebdaaf0fad16790237a0348baf84886d3ade460db13bae59e614a180"

[[package]]
name = "libc"
version = "0.2.175"
source = "registry+https://github.com/rust-lang/crates.io-index"
checksum = "6a82ae493e598baaea5209805c49bbf2ea7de956d50d7da0da1164f9c6d28543"

[[package]]
name = "linkme"
version = "0.3.33"
source = "registry+https://github.com/rust-lang/crates.io-index"
checksum = "a1b1703c00b2a6a70738920544aa51652532cacddfec2e162d2e29eae01e665c"
dependencies = [
 "linkme-impl",
]

[[package]]
name = "linkme-impl"
version = "0.3.33"
source = "registry+https://github.com/rust-lang/crates.io-index"
checksum = "04d55ca5d5a14363da83bf3c33874b8feaa34653e760d5216d7ef9829c88001a"
dependencies = [
 "proc-macro2",
 "quote",
 "syn 2.0.104",
]

[[package]]
name = "lock_api"
version = "0.4.13"
source = "registry+https://github.com/rust-lang/crates.io-index"
checksum = "96936507f153605bddfcda068dd804796c84324ed2510809e5b2a624c81da765"
dependencies = [
 "autocfg",
 "scopeguard",
]

[[package]]
name = "log"
version = "0.4.21"
source = "registry+https://github.com/rust-lang/crates.io-index"
checksum = "90ed8c1e510134f979dbc4f070f87d4313098b704861a105fe34231c70a3901c"

[[package]]
name = "mbarrier"
version = "0.1.3"
source = "registry+https://github.com/rust-lang/crates.io-index"
checksum = "9257ea6fe9726d1f1a67fddbda4c06cc97b4fb18716b78ec03ba05e29d625e28"

[[package]]
name = "memchr"
version = "2.7.5"
source = "registry+https://github.com/rust-lang/crates.io-index"
checksum = "32a282da65faaf38286cf3be983213fcf1d2e2a58700e808f83f4ea9a4804bc0"

[[package]]
name = "memory_addr"
version = "0.3.2"
source = "registry+https://github.com/rust-lang/crates.io-index"
checksum = "5438b8df0f13e16e1f46140de247695a95952a5a4479e47197a8711bf1063373"

[[package]]
name = "num-traits"
version = "0.2.19"
source = "registry+https://github.com/rust-lang/crates.io-index"
checksum = "071dfc062690e90b734c0b2273ce72ad0ffa95f0c74596bc250dcfd960262841"
dependencies = [
 "autocfg",
]

[[package]]
name = "page_table_entry"
version = "0.4.1"
source = "registry+https://github.com/rust-lang/crates.io-index"
checksum = "6db6393e4382afb7063e4859f39a7db998c4ba9b842a59b05c138c6a6f524fac"
dependencies = [
 "aarch64-cpu 9.4.0",
 "bitflags 2.9.1",
 "memory_addr",
 "x86_64 0.15.2",
]

[[package]]
name = "page_table_multiarch"
version = "0.4.1"
source = "registry+https://github.com/rust-lang/crates.io-index"
checksum = "e37ddd25f6c9291ed3d1ba2aacecf1fd8c94ff070242d78dcfe2d4bd47e0bd48"
dependencies = [
 "log",
 "memory_addr",
 "page_table_entry",
 "riscv",
 "x86",
]

[[package]]
name = "paste"
version = "1.0.15"
source = "registry+https://github.com/rust-lang/crates.io-index"
checksum = "57c0d7b74b563b49d38dae00a0c37d4d6de9b432382b2892f0574ddcae73fd0a"

[[package]]
name = "percpu"
version = "0.1.7"
source = "registry+https://github.com/rust-lang/crates.io-index"
checksum = "95e24fa01075d3d4235b84d3dd5a0ec0fd3040602065ea155acd0849e9067007"
dependencies = [
 "cfg-if",
 "percpu_macros",
 "spin",
 "x86",
]

[[package]]
name = "percpu_macros"
version = "0.1.7"
source = "registry+https://github.com/rust-lang/crates.io-index"
checksum = "421082ebe971ea22e82137de45ab6b9500bb178b364ebba02858bf7f80ec6471"
dependencies = [
 "proc-macro2",
 "quote",
 "syn 2.0.104",
]

[[package]]
name = "pin-project-lite"
version = "0.2.16"
source = "registry+https://github.com/rust-lang/crates.io-index"
checksum = "3b3cff922bd51709b605d9ead9aa71031d81447142d828eb4a6eba76fe619f9b"

[[package]]
name = "pin-utils"
version = "0.1.0"
source = "registry+https://github.com/rust-lang/crates.io-index"
checksum = "8b870d8c151b6f2fb93e84a13146138f05d02ed11c7e7c54f8826aaaf7c9f184"

[[package]]
name = "proc-macro2"
version = "1.0.97"
source = "registry+https://github.com/rust-lang/crates.io-index"
checksum = "d61789d7719defeb74ea5fe81f2fdfdbd28a803847077cecce2ff14e1472f6f1"
dependencies = [
 "unicode-ident",
]

[[package]]
name = "quote"
version = "1.0.40"
source = "registry+https://github.com/rust-lang/crates.io-index"
checksum = "1885c039570dc00dcb4ff087a89e185fd56bae234ddc7f056a945bf36467248d"
dependencies = [
 "proc-macro2",
]

[[package]]
name = "raw-cpuid"
version = "10.7.0"
source = "registry+https://github.com/rust-lang/crates.io-index"
checksum = "6c297679cb867470fa8c9f67dbba74a78d78e3e98d7cf2b08d6d71540f797332"
dependencies = [
 "bitflags 1.3.2",
]

[[package]]
name = "raw-cpuid"
version = "11.5.0"
source = "registry+https://github.com/rust-lang/crates.io-index"
checksum = "c6df7ab838ed27997ba19a4664507e6f82b41fe6e20be42929332156e5e85146"
dependencies = [
 "bitflags 2.9.1",
]

[[package]]
name = "riscv"
version = "0.11.1"
source = "registry+https://github.com/rust-lang/crates.io-index"
checksum = "2f5c1b8bf41ea746266cdee443d1d1e9125c86ce1447e1a2615abd34330d33a9"
dependencies = [
 "critical-section",
 "embedded-hal",
]

[[package]]
name = "rlsf"
version = "0.2.1"
source = "registry+https://github.com/rust-lang/crates.io-index"
checksum = "222fb240c3286247ecdee6fa5341e7cdad0ffdf8e7e401d9937f2d58482a20bf"
dependencies = [
 "cfg-if",
 "const-default",
 "libc",
 "svgbobdoc",
]

[[package]]
name = "rustversion"
version = "1.0.22"
source = "registry+https://github.com/rust-lang/crates.io-index"
checksum = "b39cdef0fa800fc44525c84ccb54a029961a8215f9619753635a9c0d2538d46d"

[[package]]
name = "safe-mmio"
version = "0.2.5"
source = "registry+https://github.com/rust-lang/crates.io-index"
checksum = "db02a82ad13df46afeba34a4e54065fa912308b9101b060e4422898eac0e06f6"
dependencies = [
 "zerocopy 0.8.26",
]

[[package]]
name = "sbi-rt"
version = "0.0.3"
source = "registry+https://github.com/rust-lang/crates.io-index"
checksum = "7fbaa69be1eedc61c426e6d489b2260482e928b465360576900d52d496a58bd0"
dependencies = [
 "sbi-spec",
]

[[package]]
name = "sbi-spec"
version = "0.0.7"
source = "registry+https://github.com/rust-lang/crates.io-index"
checksum = "e6e36312fb5ddc10d08ecdc65187402baba4ac34585cb9d1b78522ae2358d890"

[[package]]
name = "scopeguard"
version = "1.2.0"
source = "registry+https://github.com/rust-lang/crates.io-index"
checksum = "94143f37725109f92c262ed2cf5e59bce7498c01bcc1502d7b9afe439a4e9f49"

[[package]]
name = "serde"
version = "1.0.219"
source = "registry+https://github.com/rust-lang/crates.io-index"
checksum = "5f0e2c6ed6606019b4e29e69dbaba95b11854410e5347d525002456dbbb786b6"
dependencies = [
 "serde_derive",
]

[[package]]
name = "serde_derive"
version = "1.0.219"
source = "registry+https://github.com/rust-lang/crates.io-index"
checksum = "5b0276cf7f2c73365f7157c8123c21cd9a50fbbd844757af28ca1f5925fc2a00"
dependencies = [
 "proc-macro2",
 "quote",
 "syn 2.0.104",
]

[[package]]
name = "spin"
version = "0.9.8"
source = "registry+https://github.com/rust-lang/crates.io-index"
checksum = "6980e8d7511241f8acf4aebddbb1ff938df5eebe98691418c4468d0b72a96a67"
dependencies = [
 "lock_api",
]

[[package]]
name = "static_assertions"
version = "1.1.0"
source = "registry+https://github.com/rust-lang/crates.io-index"
checksum = "a2eb9349b6444b326872e140eb1cf5e7c522154d69e7a0ffb0fb81c06b37543f"

[[package]]
name = "svgbobdoc"
version = "0.3.0"
source = "registry+https://github.com/rust-lang/crates.io-index"
checksum = "f2c04b93fc15d79b39c63218f15e3fdffaa4c227830686e3b7c5f41244eb3e50"
dependencies = [
 "base64",
 "proc-macro2",
 "quote",
 "syn 1.0.109",
 "unicode-width",
]

[[package]]
name = "syn"
version = "1.0.109"
source = "registry+https://github.com/rust-lang/crates.io-index"
checksum = "72b64191b275b66ffe2469e8af2c1cfe3bafa67b529ead792a6d0160888b4237"
dependencies = [
 "proc-macro2",
 "quote",
 "unicode-ident",
]

[[package]]
name = "syn"
version = "2.0.104"
source = "registry+https://github.com/rust-lang/crates.io-index"
checksum = "17b6f705963418cdb9927482fa304bc562ece2fdd4f616084c50b7023b435a40"
dependencies = [
 "proc-macro2",
 "quote",
 "unicode-ident",
]

[[package]]
name = "thiserror"
version = "2.0.16"
source = "registry+https://github.com/rust-lang/crates.io-index"
checksum = "3467d614147380f2e4e374161426ff399c91084acd2363eaf549172b3d5e60c0"
dependencies = [
 "thiserror-impl",
]

[[package]]
name = "thiserror-impl"
version = "2.0.16"
source = "registry+https://github.com/rust-lang/crates.io-index"
checksum = "6c5e1be1c48b9172ee610da68fd9cd2770e7a4056cb3fc98710ee6906f0c7960"
dependencies = [
 "proc-macro2",
 "quote",
 "syn 2.0.104",
]

[[package]]
name = "tock-registers"
version = "0.8.1"
source = "registry+https://github.com/rust-lang/crates.io-index"
checksum = "696941a0aee7e276a165a978b37918fd5d22c55c3d6bda197813070ca9c0f21c"

[[package]]
name = "tock-registers"
version = "0.9.0"
source = "registry+https://github.com/rust-lang/crates.io-index"
checksum = "2b9e2fdb3a1e862c0661768b7ed25390811df1947a8acbfbefe09b47078d93c4"

[[package]]
name = "tock-registers"
version = "0.10.0"
source = "registry+https://github.com/rust-lang/crates.io-index"
checksum = "b0293f99756f16ff352cc78c99673766a305bdb5ed7652e78df649e9967c885a"

[[package]]
name = "toml_datetime"
version = "0.6.11"
source = "registry+https://github.com/rust-lang/crates.io-index"
checksum = "22cddaf88f4fbc13c51aebbf5f8eceb5c7c5a9da2ac40a13519eb5b0a0e8f11c"

[[package]]
name = "toml_edit"
version = "0.22.27"
source = "registry+https://github.com/rust-lang/crates.io-index"
checksum = "41fe8c660ae4257887cf66394862d21dbca4a6ddd26f04a3560410406a2f819a"
dependencies = [
 "indexmap",
 "toml_datetime",
 "toml_write",
 "winnow",
]

[[package]]
name = "toml_write"
version = "0.1.2"
source = "registry+https://github.com/rust-lang/crates.io-index"
checksum = "5d99f8c9a7727884afe522e9bd5edbfc91a3312b36a77b5fb8926e4c31a41801"

[[package]]
name = "trait-ffi"
version = "0.1.2"
source = "registry+https://github.com/rust-lang/crates.io-index"
checksum = "d126e9f09b12b3141ac4848340f48d70aa8e3f111ed948b13e924d5e4185e86c"
dependencies = [
 "proc-macro2",
 "quote",
 "syn 2.0.104",
]

[[package]]
name = "unicode-ident"
version = "1.0.18"
source = "registry+https://github.com/rust-lang/crates.io-index"
checksum = "5a5f39404a5da50712a4c1eecf25e90dd62b613502b7e925fd4e4d19b5c96512"

[[package]]
name = "unicode-width"
version = "0.1.14"
source = "registry+https://github.com/rust-lang/crates.io-index"
checksum = "7dd6e30e90baa6f72411720665d41d89b9a3d039dc45b8faea1ddd07f617f6af"

[[package]]
name = "virtio-drivers"
version = "0.7.4"
source = "registry+https://github.com/rust-lang/crates.io-index"
checksum = "aa40e09453618c7a927c08c5a990497a2954da7c2aaa6c65e0d4f0fc975f6114"
dependencies = [
 "bitflags 2.9.1",
 "log",
 "zerocopy 0.7.35",
]

[[package]]
name = "volatile"
version = "0.4.6"
source = "registry+https://github.com/rust-lang/crates.io-index"
checksum = "442887c63f2c839b346c192d047a7c87e73d0689c9157b00b53dcc27dd5ea793"

[[package]]
name = "winnow"
version = "0.7.12"
source = "registry+https://github.com/rust-lang/crates.io-index"
checksum = "f3edebf492c8125044983378ecb5766203ad3b4c2f7a922bd7dd207f6d443e95"
dependencies = [
 "memchr",
]

[[package]]
name = "x2apic"
version = "0.4.3"
source = "registry+https://github.com/rust-lang/crates.io-index"
checksum = "cbcd582541cbb8ef1dfc24a3c849a64ff074b1b512af723ad90056558d424602"
dependencies = [
 "bit",
 "bitflags 1.3.2",
 "paste",
 "raw-cpuid 10.7.0",
 "x86_64 0.14.13",
]

[[package]]
name = "x86"
version = "0.52.0"
source = "registry+https://github.com/rust-lang/crates.io-index"
checksum = "2781db97787217ad2a2845c396a5efe286f87467a5810836db6d74926e94a385"
dependencies = [
 "bit_field",
 "bitflags 1.3.2",
 "raw-cpuid 10.7.0",
]

[[package]]
name = "x86_64"
version = "0.14.13"
source = "registry+https://github.com/rust-lang/crates.io-index"
checksum = "c101112411baafbb4bf8d33e4c4a80ab5b02d74d2612331c61e8192fc9710491"
dependencies = [
 "bit_field",
 "bitflags 2.9.1",
 "rustversion",
 "volatile",
]

[[package]]
name = "x86_64"
version = "0.15.2"
source = "registry+https://github.com/rust-lang/crates.io-index"
checksum = "0f042214de98141e9c8706e8192b73f56494087cc55ebec28ce10f26c5c364ae"
dependencies = [
 "bit_field",
 "bitflags 2.9.1",
 "rustversion",
 "volatile",
]

[[package]]
name = "zerocopy"
version = "0.7.35"
source = "registry+https://github.com/rust-lang/crates.io-index"
checksum = "1b9b4fd18abc82b8136838da5d50bae7bdea537c574d8dc1a34ed098d6c166f0"
dependencies = [
 "byteorder",
 "zerocopy-derive 0.7.35",
]

[[package]]
name = "zerocopy"
version = "0.8.26"
source = "registry+https://github.com/rust-lang/crates.io-index"
checksum = "1039dd0d3c310cf05de012d8a39ff557cb0d23087fd44cad61df08fc31907a2f"
dependencies = [
 "zerocopy-derive 0.8.26",
]

[[package]]
name = "zerocopy-derive"
version = "0.7.35"
source = "registry+https://github.com/rust-lang/crates.io-index"
checksum = "fa4f8080344d4671fb4e831a13ad1e68092748387dfc4f55e356242fae12ce3e"
dependencies = [
 "proc-macro2",
 "quote",
 "syn 2.0.104",
]

[[package]]
name = "zerocopy-derive"
version = "0.8.26"
source = "registry+https://github.com/rust-lang/crates.io-index"
checksum = "9ecf5b4cc5364572d7f4c329661bcc82724222973f2cab6f050a4e5c22f75181"
dependencies = [
 "proc-macro2",
 "quote",
 "syn 2.0.104",
]
